<?xml version="1.0" encoding="utf-8"?>
<Project ToolsVersion="4.0" xmlns="http://schemas.microsoft.com/developer/msbuild/2003">
  <ItemGroup>
    <Filter Include="Source Files">
      <UniqueIdentifier>{4FC737F1-C7A5-4376-A066-2A32D752A2FF}</UniqueIdentifier>
      <Extensions>cpp;c;cc;cxx;def;odl;idl;hpj;bat;asm;asmx</Extensions>
    </Filter>
    <Filter Include="Header Files">
      <UniqueIdentifier>{93995380-89BD-4b04-88EB-625FBE52EBFB}</UniqueIdentifier>
      <Extensions>h;hh;hpp;hxx;hm;inl;inc;xsd</Extensions>
    </Filter>
    <Filter Include="Resource Files">
      <UniqueIdentifier>{67DA6AB6-F800-4c08-8B7A-83BB121AAD01}</UniqueIdentifier>
      <Extensions>rc;ico;cur;bmp;dlg;rc2;rct;bin;rgs;gif;jpg;jpeg;jpe;resx;tiff;tif;png;wav;mfcribbon-ms</Extensions>
    </Filter>
    <Filter Include="Header Files\States">
      <UniqueIdentifier>{0fc724b9-2477-4025-aeb3-69f5f0b8e473}</UniqueIdentifier>
    </Filter>
    <Filter Include="Header Files\FL Objects">
      <UniqueIdentifier>{fa6d638d-944d-423a-b6b5-7e6b4b7e63ce}</UniqueIdentifier>
    </Filter>
    <Filter Include="Source Files\States">
      <UniqueIdentifier>{c0f412db-2067-4bbf-8e5c-faf064c58cb2}</UniqueIdentifier>
    </Filter>
    <Filter Include="Source Files\FL Objects">
      <UniqueIdentifier>{a2096363-3dfd-4a30-ac9d-46d48a5b3035}</UniqueIdentifier>
    </Filter>
  </ItemGroup>
  <ItemGroup>
    <ClCompile Include="SDL Main.cpp">
      <Filter>Source Files</Filter>
    </ClCompile>
    <ClCompile Include="Application.cpp">
      <Filter>Source Files</Filter>
    </ClCompile>
    <ClCompile Include="Entity.cpp">
      <Filter>Source Files</Filter>
    </ClCompile>
    <ClCompile Include="Background.cpp">
      <Filter>Source Files</Filter>
    </ClCompile>
    <ClCompile Include="Player.cpp">
      <Filter>Source Files</Filter>
    </ClCompile>
    <ClCompile Include="Time.cpp">
      <Filter>Source Files</Filter>
    </ClCompile>
    <ClCompile Include="Timer.cpp">
      <Filter>Source Files</Filter>
    </ClCompile>
    <ClCompile Include="FileLoader.cpp">
      <Filter>Source Files</Filter>
    </ClCompile>
    <ClCompile Include="GameplayState.cpp">
      <Filter>Source Files\States</Filter>
    </ClCompile>
    <ClCompile Include="Gamestate.cpp">
      <Filter>Source Files\States</Filter>
    </ClCompile>
    <ClCompile Include="Manager.cpp">
      <Filter>Source Files\States</Filter>
    </ClCompile>
    <ClCompile Include="MoemonStorage.cpp">
      <Filter>Source Files</Filter>
    </ClCompile>
    <ClCompile Include="Trainer.cpp">
      <Filter>Source Files</Filter>
    </ClCompile>
    <ClCompile Include="Battlestate.cpp">
      <Filter>Source Files\States</Filter>
    </ClCompile>
    <ClCompile Include="SkillStorage.cpp">
      <Filter>Source Files</Filter>
    </ClCompile>
    <ClCompile Include="Text.cpp">
      <Filter>Source Files</Filter>
    </ClCompile>
    <ClCompile Include="Maptile.cpp">
      <Filter>Source Files\FL Objects</Filter>
    </ClCompile>
    <ClCompile Include="Moemon.cpp">
      <Filter>Source Files\FL Objects</Filter>
    </ClCompile>
    <ClCompile Include="Skill.cpp">
      <Filter>Source Files\FL Objects</Filter>
    </ClCompile>
    <ClCompile Include="Tile.cpp">
      <Filter>Source Files\FL Objects</Filter>
    </ClCompile>
  </ItemGroup>
  <ItemGroup>
    <ClInclude Include="Entity.h">
      <Filter>Header Files</Filter>
    </ClInclude>
    <ClInclude Include="Vec2.h">
      <Filter>Header Files</Filter>
    </ClInclude>
    <ClInclude Include="SourceRect.h">
      <Filter>Header Files</Filter>
    </ClInclude>
    <ClInclude Include="Application.h">
      <Filter>Header Files</Filter>
    </ClInclude>
    <ClInclude Include="Background.h">
      <Filter>Header Files</Filter>
    </ClInclude>
    <ClInclude Include="Player.h">
      <Filter>Header Files</Filter>
    </ClInclude>
    <ClInclude Include="Time.h">
      <Filter>Header Files</Filter>
    </ClInclude>
    <ClInclude Include="Timer.h">
      <Filter>Header Files</Filter>
    </ClInclude>
    <ClInclude Include="GameplayState.h">
      <Filter>Header Files\States</Filter>
    </ClInclude>
    <ClInclude Include="Gamestate.h">
      <Filter>Header Files\States</Filter>
    </ClInclude>
    <ClInclude Include="Manager.h">
      <Filter>Header Files\States</Filter>
    </ClInclude>
    <ClInclude Include="Tile.h">
      <Filter>Header Files\FL Objects</Filter>
    </ClInclude>
    <ClInclude Include="Moemon.h">
      <Filter>Header Files\FL Objects</Filter>
    </ClInclude>
    <ClInclude Include="Skill.h">
      <Filter>Header Files\FL Objects</Filter>
    </ClInclude>
    <ClInclude Include="FileLoader.h">
      <Filter>Header Files\FL Objects</Filter>
    </ClInclude>
    <ClInclude Include="MoemonStorage.h">
      <Filter>Header Files</Filter>
    </ClInclude>
    <ClInclude Include="BattleState.h">
      <Filter>Header Files\States</Filter>
    </ClInclude>
    <ClInclude Include="Trainer.h">
      <Filter>Header Files</Filter>
    </ClInclude>
    <ClInclude Include="SkillStorage.h">
      <Filter>Header Files</Filter>
    </ClInclude>
    <ClInclude Include="Text.h">
      <Filter>Header Files</Filter>
    </ClInclude>
    <ClInclude Include="Maptile.h">
      <Filter>Header Files\FL Objects</Filter>
    </ClInclude>
  </ItemGroup>
</Project>